
Microsoft Visual Studio Solution File, Format Version 12.00
# Visual Studio Version 17
VisualStudioVersion = 17.14.36119.2 d17.14
MinimumVisualStudioVersion = 10.0.40219.1
Project("{FAE04EC0-301F-11D3-BF4B-00C04F79EFBC}") = "ToDoListWebForms", "ToDoListWebForms\ToDoListWebForms.csproj", "{294B9D63-3532-4C5C-988F-D01074060DF1}"
EndProject
Global
	GlobalSection(SolutionConfigurationPlatforms) = preSolution
		Debug|Any CPU = Debug|Any CPU
		Release|Any CPU = Release|Any CPU
	EndGlobalSection
	GlobalSection(ProjectConfigurationPlatforms) = postSolution
		{294B9D63-3532-4C5C-988F-D01074060DF1}.Debug|Any CPU.ActiveCfg = Debug|Any CPU
		{294B9D63-3532-4C5C-988F-D01074060DF1}.Debug|Any CPU.Build.0 = Debug|Any CPU
		{294B9D63-3532-4C5C-988F-D01074060DF1}.Release|Any CPU.ActiveCfg = Release|Any CPU
		{294B9D63-3532-4C5C-988F-D01074060DF1}.Release|Any CPU.Build.0 = Release|Any CPU
	EndGlobalSection
	GlobalSection(SolutionProperties) = preSolution
		HideSolutionNode = FALSE
	EndGlobalSection
	GlobalSection(ExtensibilityGlobals) = postSolution
		SolutionGuid = {2E4F90B6-A75D-40BF-A8A3-2D3F9F7C037C}
	EndGlobalSection
EndGlobal
